
Microsoft Visual Studio Solution File, Format Version 12.00
# Visual Studio Version 16
VisualStudioVersion = 16.0.29215.179
MinimumVisualStudioVersion = 10.0.40219.1
Project("{9A19103F-16F7-4668-BE54-9A1E7A4F7556}") = "LivrariaVirtual", "LivrariaVirtual\LivrariaVirtual.csproj", "{E0E30F7F-CE46-4684-9185-C0DAB299BFED}"
EndProject
Project("{9A19103F-16F7-4668-BE54-9A1E7A4F7556}") = "LivrariaVirtual.Dominio", "LivrariaVirtual.Dominio\LivrariaVirtual.Dominio.csproj", "{EFAB2607-605D-42CA-8EEE-B548B4E21AE9}"
EndProject
Project("{FAE04EC0-301F-11D3-BF4B-00C04F79EFBC}") = "Services", "Services\Services.csproj", "{AE2C55CC-2F95-4628-A7D8-D47228E24691}"
EndProject
Project("{FAE04EC0-301F-11D3-BF4B-00C04F79EFBC}") = "Repository", "Repository\Repository.csproj", "{C45CB702-E144-419A-B3E0-53BFA58540BA}"
EndProject
Global
	GlobalSection(SolutionConfigurationPlatforms) = preSolution
		Debug|Any CPU = Debug|Any CPU
		Release|Any CPU = Release|Any CPU
	EndGlobalSection
	GlobalSection(ProjectConfigurationPlatforms) = postSolution
		{E0E30F7F-CE46-4684-9185-C0DAB299BFED}.Debug|Any CPU.ActiveCfg = Debug|Any CPU
		{E0E30F7F-CE46-4684-9185-C0DAB299BFED}.Debug|Any CPU.Build.0 = Debug|Any CPU
		{E0E30F7F-CE46-4684-9185-C0DAB299BFED}.Release|Any CPU.ActiveCfg = Release|Any CPU
		{E0E30F7F-CE46-4684-9185-C0DAB299BFED}.Release|Any CPU.Build.0 = Release|Any CPU
		{EFAB2607-605D-42CA-8EEE-B548B4E21AE9}.Debug|Any CPU.ActiveCfg = Debug|Any CPU
		{EFAB2607-605D-42CA-8EEE-B548B4E21AE9}.Debug|Any CPU.Build.0 = Debug|Any CPU
		{EFAB2607-605D-42CA-8EEE-B548B4E21AE9}.Release|Any CPU.ActiveCfg = Release|Any CPU
		{EFAB2607-605D-42CA-8EEE-B548B4E21AE9}.Release|Any CPU.Build.0 = Release|Any CPU
		{AE2C55CC-2F95-4628-A7D8-D47228E24691}.Debug|Any CPU.ActiveCfg = Debug|Any CPU
		{AE2C55CC-2F95-4628-A7D8-D47228E24691}.Debug|Any CPU.Build.0 = Debug|Any CPU
		{AE2C55CC-2F95-4628-A7D8-D47228E24691}.Release|Any CPU.ActiveCfg = Release|Any CPU
		{AE2C55CC-2F95-4628-A7D8-D47228E24691}.Release|Any CPU.Build.0 = Release|Any CPU
		{C45CB702-E144-419A-B3E0-53BFA58540BA}.Debug|Any CPU.ActiveCfg = Debug|Any CPU
		{C45CB702-E144-419A-B3E0-53BFA58540BA}.Debug|Any CPU.Build.0 = Debug|Any CPU
		{C45CB702-E144-419A-B3E0-53BFA58540BA}.Release|Any CPU.ActiveCfg = Release|Any CPU
		{C45CB702-E144-419A-B3E0-53BFA58540BA}.Release|Any CPU.Build.0 = Release|Any CPU
	EndGlobalSection
	GlobalSection(SolutionProperties) = preSolution
		HideSolutionNode = FALSE
	EndGlobalSection
	GlobalSection(ExtensibilityGlobals) = postSolution
		SolutionGuid = {FD4DA186-DF87-411D-9BBE-54DAFE28B265}
	EndGlobalSection
EndGlobal
